
Microsoft Visual Studio Solution File, Format Version 12.00
# Visual Studio Version 16
VisualStudioVersion = 16.0.30225.117
MinimumVisualStudioVersion = 10.0.40219.1
Project("{9A19103F-16F7-4668-BE54-9A1E7A4F7556}") = "WebApi", "WebApi\WebApi.csproj", "{4C9A1593-4895-4005-A787-5F36E486840C}"
EndProject
Project("{F2A71F9B-5D33-465A-A702-920D77279786}") = "DslrParser", "DslrParser\DslrParser.fsproj", "{A87D2680-E4BE-4434-89A7-E10779ECE6C5}"
EndProject
Project("{FAE04EC0-301F-11D3-BF4B-00C04F79EFBC}") = "DslrParser.Tests", "DslrParser.Tests\DslrParser.Tests.csproj", "{918157BC-1DFC-4540-AB62-D0A9BE6E88A3}"
EndProject
Project("{2150E333-8FDC-42A3-9474-1A3956D46DE8}") = "config", "config", "{4D4552A8-DDBC-4916-9F1D-C527ED6ECFE1}"
	ProjectSection(SolutionItems) = preProject
		.editorconfig = .editorconfig
	EndProjectSection
EndProject
Global
	GlobalSection(SolutionConfigurationPlatforms) = preSolution
		Debug|Any CPU = Debug|Any CPU
		Release|Any CPU = Release|Any CPU
	EndGlobalSection
	GlobalSection(ProjectConfigurationPlatforms) = postSolution
		{4C9A1593-4895-4005-A787-5F36E486840C}.Debug|Any CPU.ActiveCfg = Debug|Any CPU
		{4C9A1593-4895-4005-A787-5F36E486840C}.Debug|Any CPU.Build.0 = Debug|Any CPU
		{4C9A1593-4895-4005-A787-5F36E486840C}.Release|Any CPU.ActiveCfg = Release|Any CPU
		{4C9A1593-4895-4005-A787-5F36E486840C}.Release|Any CPU.Build.0 = Release|Any CPU
		{A87D2680-E4BE-4434-89A7-E10779ECE6C5}.Debug|Any CPU.ActiveCfg = Debug|Any CPU
		{A87D2680-E4BE-4434-89A7-E10779ECE6C5}.Debug|Any CPU.Build.0 = Debug|Any CPU
		{A87D2680-E4BE-4434-89A7-E10779ECE6C5}.Release|Any CPU.ActiveCfg = Release|Any CPU
		{A87D2680-E4BE-4434-89A7-E10779ECE6C5}.Release|Any CPU.Build.0 = Release|Any CPU
		{918157BC-1DFC-4540-AB62-D0A9BE6E88A3}.Debug|Any CPU.ActiveCfg = Debug|Any CPU
		{918157BC-1DFC-4540-AB62-D0A9BE6E88A3}.Debug|Any CPU.Build.0 = Debug|Any CPU
		{918157BC-1DFC-4540-AB62-D0A9BE6E88A3}.Release|Any CPU.ActiveCfg = Release|Any CPU
		{918157BC-1DFC-4540-AB62-D0A9BE6E88A3}.Release|Any CPU.Build.0 = Release|Any CPU
	EndGlobalSection
	GlobalSection(SolutionProperties) = preSolution
		HideSolutionNode = FALSE
	EndGlobalSection
	GlobalSection(ExtensibilityGlobals) = postSolution
		SolutionGuid = {8BBA642F-BC9E-484F-9506-AA93CC270169}
	EndGlobalSection
EndGlobal
